// !$*UTF8*$!
{
	archiveVersion = 1;
	classes = {
	};
	objectVersion = 50;
	objects = {

/* Begin PBXBuildFile section */
		829241A2261C9DE200E934AD /* AppDelegate.swift in Sources */ = {isa = PBXBuildFile; fileRef = 829241A1261C9DE200E934AD /* AppDelegate.swift */; };
		829241A4261C9DE200E934AD /* SceneDelegate.swift in Sources */ = {isa = PBXBuildFile; fileRef = 829241A3261C9DE200E934AD /* SceneDelegate.swift */; };
		829241A6261C9DE200E934AD /* ViewController.swift in Sources */ = {isa = PBXBuildFile; fileRef = 829241A5261C9DE200E934AD /* ViewController.swift */; };
		829241A9261C9DE200E934AD /* Main.storyboard in Resources */ = {isa = PBXBuildFile; fileRef = 829241A7261C9DE200E934AD /* Main.storyboard */; };
		829241AB261C9DE400E934AD /* Assets.xcassets in Resources */ = {isa = PBXBuildFile; fileRef = 829241AA261C9DE400E934AD /* Assets.xcassets */; };
		829241AE261C9DE400E934AD /* LaunchScreen.storyboard in Resources */ = {isa = PBXBuildFile; fileRef = 829241AC261C9DE400E934AD /* LaunchScreen.storyboard */; };
		829241B9261C9DE500E934AD /* QuickScannerTests.swift in Sources */ = {isa = PBXBuildFile; fileRef = 829241B8261C9DE500E934AD /* QuickScannerTests.swift */; };
		829241C4261C9DE500E934AD /* QuickScannerUITests.swift in Sources */ = {isa = PBXBuildFile; fileRef = 829241C3261C9DE500E934AD /* QuickScannerUITests.swift */; };
/* End PBXBuildFile section */

/* Begin PBXContainerItemProxy section */
		829241B5261C9DE500E934AD /* PBXContainerItemProxy */ = {
			isa = PBXContainerItemProxy;
			containerPortal = 82924196261C9DE200E934AD /* Project object */;
			proxyType = 1;
			remoteGlobalIDString = 8292419D261C9DE200E934AD;
			remoteInfo = QuickScanner;
		};
		829241C0261C9DE500E934AD /* PBXContainerItemProxy */ = {
			isa = PBXContainerItemProxy;
			containerPortal = 82924196261C9DE200E934AD /* Project object */;
			proxyType = 1;
			remoteGlobalIDString = 8292419D261C9DE200E934AD;
			remoteInfo = QuickScanner;
		};
/* End PBXContainerItemProxy section */

/* Begin PBXFileReference section */
		8292419E261C9DE200E934AD /* QuickScanner.app */ = {isa = PBXFileReference; explicitFileType = wrapper.application; includeInIndex = 0; path = QuickScanner.app; sourceTree = BUILT_PRODUCTS_DIR; };
		829241A1261C9DE200E934AD /* AppDelegate.swift */ = {isa = PBXFileReference; lastKnownFileType = sourcecode.swift; path = AppDelegate.swift; sourceTree = "<group>"; };
		829241A3261C9DE200E934AD /* SceneDelegate.swift */ = {isa = PBXFileReference; lastKnownFileType = sourcecode.swift; path = SceneDelegate.swift; sourceTree = "<group>"; };
		829241A5261C9DE200E934AD /* ViewController.swift */ = {isa = PBXFileReference; lastKnownFileType = sourcecode.swift; path = ViewController.swift; sourceTree = "<group>"; };
		829241A8261C9DE200E934AD /* Base */ = {isa = PBXFileReference; lastKnownFileType = file.storyboard; name = Base; path = Base.lproj/Main.storyboard; sourceTree = "<group>"; };
		829241AA261C9DE400E934AD /* Assets.xcassets */ = {isa = PBXFileReference; lastKnownFileType = folder.assetcatalog; path = Assets.xcassets; sourceTree = "<group>"; };
		829241AD261C9DE400E934AD /* Base */ = {isa = PBXFileReference; lastKnownFileType = file.storyboard; name = Base; path = Base.lproj/LaunchScreen.storyboard; sourceTree = "<group>"; };
		829241AF261C9DE400E934AD /* Info.plist */ = {isa = PBXFileReference; lastKnownFileType = text.plist.xml; path = Info.plist; sourceTree = "<group>"; };
		829241B4261C9DE500E934AD /* QuickScannerTests.xctest */ = {isa = PBXFileReference; explicitFileType = wrapper.cfbundle; includeInIndex = 0; path = QuickScannerTests.xctest; sourceTree = BUILT_PRODUCTS_DIR; };
		829241B8261C9DE500E934AD /* QuickScannerTests.swift */ = {isa = PBXFileReference; lastKnownFileType = sourcecode.swift; path = QuickScannerTests.swift; sourceTree = "<group>"; };
		829241BA261C9DE500E934AD /* Info.plist */ = {isa = PBXFileReference; lastKnownFileType = text.plist.xml; path = Info.plist; sourceTree = "<group>"; };
		829241BF261C9DE500E934AD /* QuickScannerUITests.xctest */ = {isa = PBXFileReference; explicitFileType = wrapper.cfbundle; includeInIndex = 0; path = QuickScannerUITests.xctest; sourceTree = BUILT_PRODUCTS_DIR; };
		829241C3261C9DE500E934AD /* QuickScannerUITests.swift */ = {isa = PBXFileReference; lastKnownFileType = sourcecode.swift; path = QuickScannerUITests.swift; sourceTree = "<group>"; };
		829241C5261C9DE500E934AD /* Info.plist */ = {isa = PBXFileReference; lastKnownFileType = text.plist.xml; path = Info.plist; sourceTree = "<group>"; };
/* End PBXFileReference section */

/* Begin PBXFrameworksBuildPhase section */
		8292419B261C9DE200E934AD /* Frameworks */ = {
			isa = PBXFrameworksBuildPhase;
			buildActionMask = 2147483647;
			files = (
			);
			runOnlyForDeploymentPostprocessing = 0;
		};
		829241B1261C9DE500E934AD /* Frameworks */ = {
			isa = PBXFrameworksBuildPhase;
			buildActionMask = 2147483647;
			files = (
			);
			runOnlyForDeploymentPostprocessing = 0;
		};
		829241BC261C9DE500E934AD /* Frameworks */ = {
			isa = PBXFrameworksBuildPhase;
			buildActionMask = 2147483647;
			files = (
			);
			runOnlyForDeploymentPostprocessing = 0;
		};
/* End PBXFrameworksBuildPhase section */

/* Begin PBXGroup section */
		82924195261C9DE200E934AD = {
			isa = PBXGroup;
			children = (
				829241A0261C9DE200E934AD /* QuickScanner */,
				829241B7261C9DE500E934AD /* QuickScannerTests */,
				829241C2261C9DE500E934AD /* QuickScannerUITests */,
				8292419F261C9DE200E934AD /* Products */,
			);
			sourceTree = "<group>";
		};
		8292419F261C9DE200E934AD /* Products */ = {
			isa = PBXGroup;
			children = (
				8292419E261C9DE200E934AD /* QuickScanner.app */,
				829241B4261C9DE500E934AD /* QuickScannerTests.xctest */,
				829241BF261C9DE500E934AD /* QuickScannerUITests.xctest */,
			);
			name = Products;
			sourceTree = "<group>";
		};
		829241A0261C9DE200E934AD /* QuickScanner */ = {
			isa = PBXGroup;
			children = (
				829241A1261C9DE200E934AD /* AppDelegate.swift */,
				829241A3261C9DE200E934AD /* SceneDelegate.swift */,
				829241A5261C9DE200E934AD /* ViewController.swift */,
				829241A7261C9DE200E934AD /* Main.storyboard */,
				829241AA261C9DE400E934AD /* Assets.xcassets */,
				829241AC261C9DE400E934AD /* LaunchScreen.storyboard */,
				829241AF261C9DE400E934AD /* Info.plist */,
			);
			path = QuickScanner;
			sourceTree = "<group>";
		};
		829241B7261C9DE500E934AD /* QuickScannerTests */ = {
			isa = PBXGroup;
			children = (
				829241B8261C9DE500E934AD /* QuickScannerTests.swift */,
				829241BA261C9DE500E934AD /* Info.plist */,
			);
			path = QuickScannerTests;
			sourceTree = "<group>";
		};
		829241C2261C9DE500E934AD /* QuickScannerUITests */ = {
			isa = PBXGroup;
			children = (
				829241C3261C9DE500E934AD /* QuickScannerUITests.swift */,
				829241C5261C9DE500E934AD /* Info.plist */,
			);
			path = QuickScannerUITests;
			sourceTree = "<group>";
		};
/* End PBXGroup section */

/* Begin PBXNativeTarget section */
		8292419D261C9DE200E934AD /* QuickScanner */ = {
			isa = PBXNativeTarget;
			buildConfigurationList = 829241C8261C9DE500E934AD /* Build configuration list for PBXNativeTarget "QuickScanner" */;
			buildPhases = (
				8292419A261C9DE200E934AD /* Sources */,
				8292419B261C9DE200E934AD /* Frameworks */,
				8292419C261C9DE200E934AD /* Resources */,
			);
			buildRules = (
			);
			dependencies = (
			);
			name = QuickScanner;
			productName = QuickScanner;
			productReference = 8292419E261C9DE200E934AD /* QuickScanner.app */;
			productType = "com.apple.product-type.application";
		};
		829241B3261C9DE500E934AD /* QuickScannerTests */ = {
			isa = PBXNativeTarget;
			buildConfigurationList = 829241CB261C9DE500E934AD /* Build configuration list for PBXNativeTarget "QuickScannerTests" */;
			buildPhases = (
				829241B0261C9DE500E934AD /* Sources */,
				829241B1261C9DE500E934AD /* Frameworks */,
				829241B2261C9DE500E934AD /* Resources */,
			);
			buildRules = (
			);
			dependencies = (
				829241B6261C9DE500E934AD /* PBXTargetDependency */,
			);
			name = QuickScannerTests;
			productName = QuickScannerTests;
			productReference = 829241B4261C9DE500E934AD /* QuickScannerTests.xctest */;
			productType = "com.apple.product-type.bundle.unit-test";
		};
		829241BE261C9DE500E934AD /* QuickScannerUITests */ = {
			isa = PBXNativeTarget;
			buildConfigurationList = 829241CE261C9DE500E934AD /* Build configuration list for PBXNativeTarget "QuickScannerUITests" */;
			buildPhases = (
				829241BB261C9DE500E934AD /* Sources */,
				829241BC261C9DE500E934AD /* Frameworks */,
				829241BD261C9DE500E934AD /* Resources */,
			);
			buildRules = (
			);
			dependencies = (
				829241C1261C9DE500E934AD /* PBXTargetDependency */,
			);
			name = QuickScannerUITests;
			productName = QuickScannerUITests;
			productReference = 829241BF261C9DE500E934AD /* QuickScannerUITests.xctest */;
			productType = "com.apple.product-type.bundle.ui-testing";
		};
/* End PBXNativeTarget section */

/* Begin PBXProject section */
		82924196261C9DE200E934AD /* Project object */ = {
			isa = PBXProject;
			attributes = {
				LastSwiftUpdateCheck = 1230;
				LastUpgradeCheck = 1230;
				TargetAttributes = {
					8292419D261C9DE200E934AD = {
						CreatedOnToolsVersion = 12.3;
					};
					829241B3261C9DE500E934AD = {
						CreatedOnToolsVersion = 12.3;
						TestTargetID = 8292419D261C9DE200E934AD;
					};
					829241BE261C9DE500E934AD = {
						CreatedOnToolsVersion = 12.3;
						TestTargetID = 8292419D261C9DE200E934AD;
					};
				};
			};
			buildConfigurationList = 82924199261C9DE200E934AD /* Build configuration list for PBXProject "QuickScanner" */;
			compatibilityVersion = "Xcode 9.3";
			developmentRegion = en;
			hasScannedForEncodings = 0;
			knownRegions = (
				en,
				Base,
			);
			mainGroup = 82924195261C9DE200E934AD;
			productRefGroup = 8292419F261C9DE200E934AD /* Products */;
			projectDirPath = "";
			projectRoot = "";
			targets = (
				8292419D261C9DE200E934AD /* QuickScanner */,
				829241B3261C9DE500E934AD /* QuickScannerTests */,
				829241BE261C9DE500E934AD /* QuickScannerUITests */,
			);
		};
/* End PBXProject section */

/* Begin PBXResourcesBuildPhase section */
		8292419C261C9DE200E934AD /* Resources */ = {
			isa = PBXResourcesBuildPhase;
			buildActionMask = 2147483647;
			files = (
				829241AE261C9DE400E934AD /* LaunchScreen.storyboard in Resources */,
				829241AB261C9DE400E934AD /* Assets.xcassets in Resources */,
				829241A9261C9DE200E934AD /* Main.storyboard in Resources */,
			);
			runOnlyForDeploymentPostprocessing = 0;
		};
		829241B2261C9DE500E934AD /* Resources */ = {
			isa = PBXResourcesBuildPhase;
			buildActionMask = 2147483647;
			files = (
			);
			runOnlyForDeploymentPostprocessing = 0;
		};
		829241BD261C9DE500E934AD /* Resources */ = {
			isa = PBXResourcesBuildPhase;
			buildActionMask = 2147483647;
			files = (
			);
			runOnlyForDeploymentPostprocessing = 0;
		};
/* End PBXResourcesBuildPhase section */

/* Begin PBXSourcesBuildPhase section */
		8292419A261C9DE200E934AD /* Sources */ = {
			isa = PBXSourcesBuildPhase;
			buildActionMask = 2147483647;
			files = (
				829241A6261C9DE200E934AD /* ViewController.swift in Sources */,
				829241A2261C9DE200E934AD /* AppDelegate.swift in Sources */,
				829241A4261C9DE200E934AD /* SceneDelegate.swift in Sources */,
			);
			runOnlyForDeploymentPostprocessing = 0;
		};
		829241B0261C9DE500E934AD /* Sources */ = {
			isa = PBXSourcesBuildPhase;
			buildActionMask = 2147483647;
			files = (
				829241B9261C9DE500E934AD /* QuickScannerTests.swift in Sources */,
			);
			runOnlyForDeploymentPostprocessing = 0;
		};
		829241BB261C9DE500E934AD /* Sources */ = {
			isa = PBXSourcesBuildPhase;
			buildActionMask = 2147483647;
			files = (
				829241C4261C9DE500E934AD /* QuickScannerUITests.swift in Sources */,
			);
			runOnlyForDeploymentPostprocessing = 0;
		};
/* End PBXSourcesBuildPhase section */

/* Begin PBXTargetDependency section */
		829241B6261C9DE500E934AD /* PBXTargetDependency */ = {
			isa = PBXTargetDependency;
			target = 8292419D261C9DE200E934AD /* QuickScanner */;
			targetProxy = 829241B5261C9DE500E934AD /* PBXContainerItemProxy */;
		};
		829241C1261C9DE500E934AD /* PBXTargetDependency */ = {
			isa = PBXTargetDependency;
			target = 8292419D261C9DE200E934AD /* QuickScanner */;
			targetProxy = 829241C0261C9DE500E934AD /* PBXContainerItemProxy */;
		};
/* End PBXTargetDependency section */

/* Begin PBXVariantGroup section */
		829241A7261C9DE200E934AD /* Main.storyboard */ = {
			isa = PBXVariantGroup;
			children = (
				829241A8261C9DE200E934AD /* Base */,
			);
			name = Main.storyboard;
			sourceTree = "<group>";
		};
		829241AC261C9DE400E934AD /* LaunchScreen.storyboard */ = {
			isa = PBXVariantGroup;
			children = (
				829241AD261C9DE400E934AD /* Base */,
			);
			name = LaunchScreen.storyboard;
			sourceTree = "<group>";
		};
/* End PBXVariantGroup section */

/* Begin XCBuildConfiguration section */
		829241C6261C9DE500E934AD /* Debug */ = {
			isa = XCBuildConfiguration;
			buildSettings = {
				ALWAYS_SEARCH_USER_PATHS = NO;
				CLANG_ANALYZER_NONNULL = YES;
				CLANG_ANALYZER_NUMBER_OBJECT_CONVERSION = YES_AGGRESSIVE;
				CLANG_CXX_LANGUAGE_STANDARD = "gnu++14";
				CLANG_CXX_LIBRARY = "libc++";
				CLANG_ENABLE_MODULES = YES;
				CLANG_ENABLE_OBJC_ARC = YES;
				CLANG_ENABLE_OBJC_WEAK = YES;
				CLANG_WARN_BLOCK_CAPTURE_AUTORELEASING = YES;
				CLANG_WARN_BOOL_CONVERSION = YES;
				CLANG_WARN_COMMA = YES;
				CLANG_WARN_CONSTANT_CONVERSION = YES;
				CLANG_WARN_DEPRECATED_OBJC_IMPLEMENTATIONS = YES;
				CLANG_WARN_DIRECT_OBJC_ISA_USAGE = YES_ERROR;
				CLANG_WARN_DOCUMENTATION_COMMENTS = YES;
				CLANG_WARN_EMPTY_BODY = YES;
				CLANG_WARN_ENUM_CONVERSION = YES;
				CLANG_WARN_INFINITE_RECURSION = YES;
				CLANG_WARN_INT_CONVERSION = YES;
				CLANG_WARN_NON_LITERAL_NULL_CONVERSION = YES;
				CLANG_WARN_OBJC_IMPLICIT_RETAIN_SELF = YES;
				CLANG_WARN_OBJC_LITERAL_CONVERSION = YES;
				CLANG_WARN_OBJC_ROOT_CLASS = YES_ERROR;
				CLANG_WARN_QUOTED_INCLUDE_IN_FRAMEWORK_HEADER = YES;
				CLANG_WARN_RANGE_LOOP_ANALYSIS = YES;
				CLANG_WARN_STRICT_PROTOTYPES = YES;
				CLANG_WARN_SUSPICIOUS_MOVE = YES;
				CLANG_WARN_UNGUARDED_AVAILABILITY = YES_AGGRESSIVE;
				CLANG_WARN_UNREACHABLE_CODE = YES;
				CLANG_WARN__DUPLICATE_METHOD_MATCH = YES;
				COPY_PHASE_STRIP = NO;
				DEBUG_INFORMATION_FORMAT = dwarf;
				ENABLE_STRICT_OBJC_MSGSEND = YES;
				ENABLE_TESTABILITY = YES;
				GCC_C_LANGUAGE_STANDARD = gnu11;
				GCC_DYNAMIC_NO_PIC = NO;
				GCC_NO_COMMON_BLOCKS = YES;
				GCC_OPTIMIZATION_LEVEL = 0;
				GCC_PREPROCESSOR_DEFINITIONS = (
					"DEBUG=1",
					"$(inherited)",
				);
				GCC_WARN_64_TO_32_BIT_CONVERSION = YES;
				GCC_WARN_ABOUT_RETURN_TYPE = YES_ERROR;
				GCC_WARN_UNDECLARED_SELECTOR = YES;
				GCC_WARN_UNINITIALIZED_AUTOS = YES_AGGRESSIVE;
				GCC_WARN_UNUSED_FUNCTION = YES;
				GCC_WARN_UNUSED_VARIABLE = YES;
				IPHONEOS_DEPLOYMENT_TARGET = 14.3;
				MTL_ENABLE_DEBUG_INFO = INCLUDE_SOURCE;
				MTL_FAST_MATH = YES;
				ONLY_ACTIVE_ARCH = YES;
				SDKROOT = iphoneos;
				SWIFT_ACTIVE_COMPILATION_CONDITIONS = DEBUG;
				SWIFT_OPTIMIZATION_LEVEL = "-Onone";
			};
			name = Debug;
		};
		829241C7261C9DE500E934AD /* Release */ = {
			isa = XCBuildConfiguration;
			buildSettings = {
				ALWAYS_SEARCH_USER_PATHS = NO;
				CLANG_ANALYZER_NONNULL = YES;
				CLANG_ANALYZER_NUMBER_OBJECT_CONVERSION = YES_AGGRESSIVE;
				CLANG_CXX_LANGUAGE_STANDARD = "gnu++14";
				CLANG_CXX_LIBRARY = "libc++";
				CLANG_ENABLE_MODULES = YES;
				CLANG_ENABLE_OBJC_ARC = YES;
				CLANG_ENABLE_OBJC_WEAK = YES;
				CLANG_WARN_BLOCK_CAPTURE_AUTORELEASING = YES;
				CLANG_WARN_BOOL_CONVERSION = YES;
				CLANG_WARN_COMMA = YES;
				CLANG_WARN_CONSTANT_CONVERSION = YES;
				CLANG_WARN_DEPRECATED_OBJC_IMPLEMENTATIONS = YES;
				CLANG_WARN_DIRECT_OBJC_ISA_USAGE = YES_ERROR;
				CLANG_WARN_DOCUMENTATION_COMMENTS = YES;
				CLANG_WARN_EMPTY_BODY = YES;
				CLANG_WARN_ENUM_CONVERSION = YES;
				CLANG_WARN_INFINITE_RECURSION = YES;
				CLANG_WARN_INT_CONVERSION = YES;
				CLANG_WARN_NON_LITERAL_NULL_CONVERSION = YES;
				CLANG_WARN_OBJC_IMPLICIT_RETAIN_SELF = YES;
				CLANG_WARN_OBJC_LITERAL_CONVERSION = YES;
				CLANG_WARN_OBJC_ROOT_CLASS = YES_ERROR;
				CLANG_WARN_QUOTED_INCLUDE_IN_FRAMEWORK_HEADER = YES;
				CLANG_WARN_RANGE_LOOP_ANALYSIS = YES;
				CLANG_WARN_STRICT_PROTOTYPES = YES;
				CLANG_WARN_SUSPICIOUS_MOVE = YES;
				CLANG_WARN_UNGUARDED_AVAILABILITY = YES_AGGRESSIVE;
				CLANG_WARN_UNREACHABLE_CODE = YES;
				CLANG_WARN__DUPLICATE_METHOD_MATCH = YES;
				COPY_PHASE_STRIP = NO;
				DEBUG_INFORMATION_FORMAT = "dwarf-with-dsym";
				ENABLE_NS_ASSERTIONS = NO;
				ENABLE_STRICT_OBJC_MSGSEND = YES;
				GCC_C_LANGUAGE_STANDARD = gnu11;
				GCC_NO_COMMON_BLOCKS = YES;
				GCC_WARN_64_TO_32_BIT_CONVERSION = YES;
				GCC_WARN_ABOUT_RETURN_TYPE = YES_ERROR;
				GCC_WARN_UNDECLARED_SELECTOR = YES;
				GCC_WARN_UNINITIALIZED_AUTOS = YES_AGGRESSIVE;
				GCC_WARN_UNUSED_FUNCTION = YES;
				GCC_WARN_UNUSED_VARIABLE = YES;
				IPHONEOS_DEPLOYMENT_TARGET = 14.3;
				MTL_ENABLE_DEBUG_INFO = NO;
				MTL_FAST_MATH = YES;
				SDKROOT = iphoneos;
				SWIFT_COMPILATION_MODE = wholemodule;
				SWIFT_OPTIMIZATION_LEVEL = "-O";
				VALIDATE_PRODUCT = YES;
			};
			name = Release;
		};
		829241C9261C9DE500E934AD /* Debug */ = {
			isa = XCBuildConfiguration;
			buildSettings = {
				ASSETCATALOG_COMPILER_APPICON_NAME = AppIcon;
				ASSETCATALOG_COMPILER_GLOBAL_ACCENT_COLOR_NAME = AccentColor;
				CODE_SIGN_STYLE = Automatic;
				DEVELOPMENT_TEAM = 9C9R36NYWY;
				INFOPLIST_FILE = QuickScanner/Info.plist;
				LD_RUNPATH_SEARCH_PATHS = (
					"$(inherited)",
					"@executable_path/Frameworks",
				);
				PRODUCT_BUNDLE_IDENTIFIER = com.cedricbahirwe.quickest.QuickScanner;
				PRODUCT_NAME = "$(TARGET_NAME)";
				SWIFT_VERSION = 5.0;
				TARGETED_DEVICE_FAMILY = "1,2";
			};
			name = Debug;
		};
		829241CA261C9DE500E934AD /* Release */ = {
			isa = XCBuildConfiguration;
			buildSettings = {
				ASSETCATALOG_COMPILER_APPICON_NAME = AppIcon;
				ASSETCATALOG_COMPILER_GLOBAL_ACCENT_COLOR_NAME = AccentColor;
				CODE_SIGN_STYLE = Automatic;
				DEVELOPMENT_TEAM = 9C9R36NYWY;
				INFOPLIST_FILE = QuickScanner/Info.plist;
				LD_RUNPATH_SEARCH_PATHS = (
					"$(inherited)",
					"@executable_path/Frameworks",
				);
				PRODUCT_BUNDLE_IDENTIFIER = com.cedricbahirwe.quickest.QuickScanner;
				PRODUCT_NAME = "$(TARGET_NAME)";
				SWIFT_VERSION = 5.0;
				TARGETED_DEVICE_FAMILY = "1,2";
			};
			name = Release;
		};
		829241CC261C9DE500E934AD /* Debug */ = {
			isa = XCBuildConfiguration;
			buildSettings = {
				ALWAYS_EMBED_SWIFT_STANDARD_LIBRARIES = YES;
				BUNDLE_LOADER = "$(TEST_HOST)";
				CODE_SIGN_STYLE = Automatic;
				DEVELOPMENT_TEAM = 9C9R36NYWY;
				INFOPLIST_FILE = QuickScannerTests/Info.plist;
				IPHONEOS_DEPLOYMENT_TARGET = 14.3;
				LD_RUNPATH_SEARCH_PATHS = (
					"$(inherited)",
					"@executable_path/Frameworks",
					"@loader_path/Frameworks",
				);
				PRODUCT_BUNDLE_IDENTIFIER = com.cedricbahirwe.quickest.QuickScannerTests;
				PRODUCT_NAME = "$(TARGET_NAME)";
				SWIFT_VERSION = 5.0;
				TARGETED_DEVICE_FAMILY = "1,2";
				TEST_HOST = "$(BUILT_PRODUCTS_DIR)/QuickScanner.app/QuickScanner";
			};
			name = Debug;
		};
		829241CD261C9DE500E934AD /* Release */ = {
			isa = XCBuildConfiguration;
			buildSettings = {
				ALWAYS_EMBED_SWIFT_STANDARD_LIBRARIES = YES;
				BUNDLE_LOADER = "$(TEST_HOST)";
				CODE_SIGN_STYLE = Automatic;
				DEVELOPMENT_TEAM = 9C9R36NYWY;
				INFOPLIST_FILE = QuickScannerTests/Info.plist;
				IPHONEOS_DEPLOYMENT_TARGET = 14.3;
				LD_RUNPATH_SEARCH_PATHS = (
					"$(inherited)",
					"@executable_path/Frameworks",
					"@loader_path/Frameworks",
				);
				PRODUCT_BUNDLE_IDENTIFIER = com.cedricbahirwe.quickest.QuickScannerTests;
				PRODUCT_NAME = "$(TARGET_NAME)";
				SWIFT_VERSION = 5.0;
				TARGETED_DEVICE_FAMILY = "1,2";
				TEST_HOST = "$(BUILT_PRODUCTS_DIR)/QuickScanner.app/QuickScanner";
			};
			name = Release;
		};
		829241CF261C9DE500E934AD /* Debug */ = {
			isa = XCBuildConfiguration;
			buildSettings = {
				ALWAYS_EMBED_SWIFT_STANDARD_LIBRARIES = YES;
				CODE_SIGN_STYLE = Automatic;
				DEVELOPMENT_TEAM = 9C9R36NYWY;
				INFOPLIST_FILE = QuickScannerUITests/Info.plist;
				LD_RUNPATH_SEARCH_PATHS = (
					"$(inherited)",
					"@executable_path/Frameworks",
					"@loader_path/Frameworks",
				);
				PRODUCT_BUNDLE_IDENTIFIER = com.cedricbahirwe.quickest.QuickScannerUITests;
				PRODUCT_NAME = "$(TARGET_NAME)";
				SWIFT_VERSION = 5.0;
				TARGETED_DEVICE_FAMILY = "1,2";
				TEST_TARGET_NAME = QuickScanner;
			};
			name = Debug;
		};
		829241D0261C9DE500E934AD /* Release */ = {
			isa = XCBuildConfiguration;
			buildSettings = {
				ALWAYS_EMBED_SWIFT_STANDARD_LIBRARIES = YES;
				CODE_SIGN_STYLE = Automatic;
				DEVELOPMENT_TEAM = 9C9R36NYWY;
				INFOPLIST_FILE = QuickScannerUITests/Info.plist;
				LD_RUNPATH_SEARCH_PATHS = (
					"$(inherited)",
					"@executable_path/Frameworks",
					"@loader_path/Frameworks",
				);
				PRODUCT_BUNDLE_IDENTIFIER = com.cedricbahirwe.quickest.QuickScannerUITests;
				PRODUCT_NAME = "$(TARGET_NAME)";
				SWIFT_VERSION = 5.0;
				TARGETED_DEVICE_FAMILY = "1,2";
				TEST_TARGET_NAME = QuickScanner;
			};
			name = Release;
		};
/* End XCBuildConfiguration section */

/* Begin XCConfigurationList section */
		82924199261C9DE200E934AD /* Build configuration list for PBXProject "QuickScanner" */ = {
			isa = XCConfigurationList;
			buildConfigurations = (
				829241C6261C9DE500E934AD /* Debug */,
				829241C7261C9DE500E934AD /* Release */,
			);
			defaultConfigurationIsVisible = 0;
			defaultConfigurationName = Release;
		};
		829241C8261C9DE500E934AD /* Build configuration list for PBXNativeTarget "QuickScanner" */ = {
			isa = XCConfigurationList;
			buildConfigurations = (
				829241C9261C9DE500E934AD /* Debug */,
				829241CA261C9DE500E934AD /* Release */,
			);
			defaultConfigurationIsVisible = 0;
			defaultConfigurationName = Release;
		};
		829241CB261C9DE500E934AD /* Build configuration list for PBXNativeTarget "QuickScannerTests" */ = {
			isa = XCConfigurationList;
			buildConfigurations = (
				829241CC261C9DE500E934AD /* Debug */,
				829241CD261C9DE500E934AD /* Release */,
			);
			defaultConfigurationIsVisible = 0;
			defaultConfigurationName = Release;
		};
		829241CE261C9DE500E934AD /* Build configuration list for PBXNativeTarget "QuickScannerUITests" */ = {
			isa = XCConfigurationList;
			buildConfigurations = (
				829241CF261C9DE500E934AD /* Debug */,
				829241D0261C9DE500E934AD /* Release */,
			);
			defaultConfigurationIsVisible = 0;
			defaultConfigurationName = Release;
		};
/* End XCConfigurationList section */
	};
	rootObject = 82924196261C9DE200E934AD /* Project object */;
}
