// !$*UTF8*$!
{
	archiveVersion = 1;
	classes = {
	};
	objectVersion = 50;
	objects = {

/* Begin PBXBuildFile section */
		821D14E6261DCDD800087A88 /* cedricbahirwe.stl in Resources */ = {isa = PBXBuildFile; fileRef = 821D14E5261DCDD800087A88 /* cedricbahirwe.stl */; };
		821F880A2620630600EE9DB0 /* 34M_17.dae in Resources */ = {isa = PBXBuildFile; fileRef = 821F88092620630600EE9DB0 /* 34M_17.dae */; };
		82A9BC8C261DD29A009CDD82 /* bottom.stl in Resources */ = {isa = PBXBuildFile; fileRef = 82A9BC8B261DD29A009CDD82 /* bottom.stl */; };
		82A9BC93261DE395009CDD82 /* ced.stl in Resources */ = {isa = PBXBuildFile; fileRef = 82A9BC92261DE395009CDD82 /* ced.stl */; };
		82A9BC96261DE512009CDD82 /* cedo.stl in Resources */ = {isa = PBXBuildFile; fileRef = 82A9BC95261DE512009CDD82 /* cedo.stl */; };
		82FAC7F8261DC2F8004BDF0F /* AppDelegate.swift in Sources */ = {isa = PBXBuildFile; fileRef = 82FAC7F7261DC2F8004BDF0F /* AppDelegate.swift */; };
		82FAC7FA261DC2F8004BDF0F /* art.scnassets in Resources */ = {isa = PBXBuildFile; fileRef = 82FAC7F9261DC2F8004BDF0F /* art.scnassets */; };
		82FAC7FC261DC2F8004BDF0F /* ViewController.swift in Sources */ = {isa = PBXBuildFile; fileRef = 82FAC7FB261DC2F8004BDF0F /* ViewController.swift */; };
		82FAC7FF261DC2F8004BDF0F /* Main.storyboard in Resources */ = {isa = PBXBuildFile; fileRef = 82FAC7FD261DC2F8004BDF0F /* Main.storyboard */; };
		82FAC801261DC2FA004BDF0F /* Assets.xcassets in Resources */ = {isa = PBXBuildFile; fileRef = 82FAC800261DC2FA004BDF0F /* Assets.xcassets */; };
		82FAC804261DC2FA004BDF0F /* LaunchScreen.storyboard in Resources */ = {isa = PBXBuildFile; fileRef = 82FAC802261DC2FA004BDF0F /* LaunchScreen.storyboard */; };
/* End PBXBuildFile section */

/* Begin PBXFileReference section */
		821D14E5261DCDD800087A88 /* cedricbahirwe.stl */ = {isa = PBXFileReference; fileEncoding = 4; lastKnownFileType = text; path = cedricbahirwe.stl; sourceTree = "<group>"; };
		821F88092620630600EE9DB0 /* 34M_17.dae */ = {isa = PBXFileReference; fileEncoding = 4; lastKnownFileType = text.xml.dae; path = 34M_17.dae; sourceTree = "<group>"; };
		82A9BC8B261DD29A009CDD82 /* bottom.stl */ = {isa = PBXFileReference; lastKnownFileType = file; path = bottom.stl; sourceTree = "<group>"; };
		82A9BC92261DE395009CDD82 /* ced.stl */ = {isa = PBXFileReference; lastKnownFileType = file; path = ced.stl; sourceTree = "<group>"; };
		82A9BC95261DE512009CDD82 /* cedo.stl */ = {isa = PBXFileReference; lastKnownFileType = file; path = cedo.stl; sourceTree = "<group>"; };
		82FAC7F4261DC2F8004BDF0F /* ARKitSample.app */ = {isa = PBXFileReference; explicitFileType = wrapper.application; includeInIndex = 0; path = ARKitSample.app; sourceTree = BUILT_PRODUCTS_DIR; };
		82FAC7F7261DC2F8004BDF0F /* AppDelegate.swift */ = {isa = PBXFileReference; lastKnownFileType = sourcecode.swift; path = AppDelegate.swift; sourceTree = "<group>"; };
		82FAC7F9261DC2F8004BDF0F /* art.scnassets */ = {isa = PBXFileReference; lastKnownFileType = wrapper.scnassets; path = art.scnassets; sourceTree = "<group>"; };
		82FAC7FB261DC2F8004BDF0F /* ViewController.swift */ = {isa = PBXFileReference; lastKnownFileType = sourcecode.swift; path = ViewController.swift; sourceTree = "<group>"; };
		82FAC7FE261DC2F8004BDF0F /* Base */ = {isa = PBXFileReference; lastKnownFileType = file.storyboard; name = Base; path = Base.lproj/Main.storyboard; sourceTree = "<group>"; };
		82FAC800261DC2FA004BDF0F /* Assets.xcassets */ = {isa = PBXFileReference; lastKnownFileType = folder.assetcatalog; path = Assets.xcassets; sourceTree = "<group>"; };
		82FAC803261DC2FA004BDF0F /* Base */ = {isa = PBXFileReference; lastKnownFileType = file.storyboard; name = Base; path = Base.lproj/LaunchScreen.storyboard; sourceTree = "<group>"; };
		82FAC805261DC2FA004BDF0F /* Info.plist */ = {isa = PBXFileReference; lastKnownFileType = text.plist.xml; path = Info.plist; sourceTree = "<group>"; };
/* End PBXFileReference section */

/* Begin PBXFrameworksBuildPhase section */
		82FAC7F1261DC2F8004BDF0F /* Frameworks */ = {
			isa = PBXFrameworksBuildPhase;
			buildActionMask = 2147483647;
			files = (
			);
			runOnlyForDeploymentPostprocessing = 0;
		};
/* End PBXFrameworksBuildPhase section */

/* Begin PBXGroup section */
		82FAC7EB261DC2F7004BDF0F = {
			isa = PBXGroup;
			children = (
				82FAC7F6261DC2F8004BDF0F /* ARKitSample */,
				82FAC7F5261DC2F8004BDF0F /* Products */,
			);
			sourceTree = "<group>";
		};
		82FAC7F5261DC2F8004BDF0F /* Products */ = {
			isa = PBXGroup;
			children = (
				82FAC7F4261DC2F8004BDF0F /* ARKitSample.app */,
			);
			name = Products;
			sourceTree = "<group>";
		};
		82FAC7F6261DC2F8004BDF0F /* ARKitSample */ = {
			isa = PBXGroup;
			children = (
				82FAC7F7261DC2F8004BDF0F /* AppDelegate.swift */,
				82FAC7F9261DC2F8004BDF0F /* art.scnassets */,
				82FAC7FB261DC2F8004BDF0F /* ViewController.swift */,
				821F88092620630600EE9DB0 /* 34M_17.dae */,
				82A9BC92261DE395009CDD82 /* ced.stl */,
				82A9BC95261DE512009CDD82 /* cedo.stl */,
				821D14E5261DCDD800087A88 /* cedricbahirwe.stl */,
				82A9BC8B261DD29A009CDD82 /* bottom.stl */,
				82FAC7FD261DC2F8004BDF0F /* Main.storyboard */,
				82FAC800261DC2FA004BDF0F /* Assets.xcassets */,
				82FAC802261DC2FA004BDF0F /* LaunchScreen.storyboard */,
				82FAC805261DC2FA004BDF0F /* Info.plist */,
			);
			path = ARKitSample;
			sourceTree = "<group>";
		};
/* End PBXGroup section */

/* Begin PBXNativeTarget section */
		82FAC7F3261DC2F8004BDF0F /* ARKitSample */ = {
			isa = PBXNativeTarget;
			buildConfigurationList = 82FAC808261DC2FA004BDF0F /* Build configuration list for PBXNativeTarget "ARKitSample" */;
			buildPhases = (
				82FAC7F0261DC2F8004BDF0F /* Sources */,
				82FAC7F1261DC2F8004BDF0F /* Frameworks */,
				82FAC7F2261DC2F8004BDF0F /* Resources */,
			);
			buildRules = (
			);
			dependencies = (
			);
			name = ARKitSample;
			productName = ARKitSample;
			productReference = 82FAC7F4261DC2F8004BDF0F /* ARKitSample.app */;
			productType = "com.apple.product-type.application";
		};
/* End PBXNativeTarget section */

/* Begin PBXProject section */
		82FAC7EC261DC2F7004BDF0F /* Project object */ = {
			isa = PBXProject;
			attributes = {
				LastSwiftUpdateCheck = 1230;
				LastUpgradeCheck = 1230;
				TargetAttributes = {
					82FAC7F3261DC2F8004BDF0F = {
						CreatedOnToolsVersion = 12.3;
					};
				};
			};
			buildConfigurationList = 82FAC7EF261DC2F7004BDF0F /* Build configuration list for PBXProject "ARKitSample" */;
			compatibilityVersion = "Xcode 9.3";
			developmentRegion = en;
			hasScannedForEncodings = 0;
			knownRegions = (
				en,
				Base,
			);
			mainGroup = 82FAC7EB261DC2F7004BDF0F;
			productRefGroup = 82FAC7F5261DC2F8004BDF0F /* Products */;
			projectDirPath = "";
			projectRoot = "";
			targets = (
				82FAC7F3261DC2F8004BDF0F /* ARKitSample */,
			);
		};
/* End PBXProject section */

/* Begin PBXResourcesBuildPhase section */
		82FAC7F2261DC2F8004BDF0F /* Resources */ = {
			isa = PBXResourcesBuildPhase;
			buildActionMask = 2147483647;
			files = (
				821D14E6261DCDD800087A88 /* cedricbahirwe.stl in Resources */,
				821F880A2620630600EE9DB0 /* 34M_17.dae in Resources */,
				82FAC7FA261DC2F8004BDF0F /* art.scnassets in Resources */,
				82A9BC93261DE395009CDD82 /* ced.stl in Resources */,
				82A9BC8C261DD29A009CDD82 /* bottom.stl in Resources */,
				82A9BC96261DE512009CDD82 /* cedo.stl in Resources */,
				82FAC804261DC2FA004BDF0F /* LaunchScreen.storyboard in Resources */,
				82FAC801261DC2FA004BDF0F /* Assets.xcassets in Resources */,
				82FAC7FF261DC2F8004BDF0F /* Main.storyboard in Resources */,
			);
			runOnlyForDeploymentPostprocessing = 0;
		};
/* End PBXResourcesBuildPhase section */

/* Begin PBXSourcesBuildPhase section */
		82FAC7F0261DC2F8004BDF0F /* Sources */ = {
			isa = PBXSourcesBuildPhase;
			buildActionMask = 2147483647;
			files = (
				82FAC7FC261DC2F8004BDF0F /* ViewController.swift in Sources */,
				82FAC7F8261DC2F8004BDF0F /* AppDelegate.swift in Sources */,
			);
			runOnlyForDeploymentPostprocessing = 0;
		};
/* End PBXSourcesBuildPhase section */

/* Begin PBXVariantGroup section */
		82FAC7FD261DC2F8004BDF0F /* Main.storyboard */ = {
			isa = PBXVariantGroup;
			children = (
				82FAC7FE261DC2F8004BDF0F /* Base */,
			);
			name = Main.storyboard;
			sourceTree = "<group>";
		};
		82FAC802261DC2FA004BDF0F /* LaunchScreen.storyboard */ = {
			isa = PBXVariantGroup;
			children = (
				82FAC803261DC2FA004BDF0F /* Base */,
			);
			name = LaunchScreen.storyboard;
			sourceTree = "<group>";
		};
/* End PBXVariantGroup section */

/* Begin XCBuildConfiguration section */
		82FAC806261DC2FA004BDF0F /* Debug */ = {
			isa = XCBuildConfiguration;
			buildSettings = {
				ALWAYS_SEARCH_USER_PATHS = NO;
				CLANG_ANALYZER_NONNULL = YES;
				CLANG_ANALYZER_NUMBER_OBJECT_CONVERSION = YES_AGGRESSIVE;
				CLANG_CXX_LANGUAGE_STANDARD = "gnu++14";
				CLANG_CXX_LIBRARY = "libc++";
				CLANG_ENABLE_MODULES = YES;
				CLANG_ENABLE_OBJC_ARC = YES;
				CLANG_ENABLE_OBJC_WEAK = YES;
				CLANG_WARN_BLOCK_CAPTURE_AUTORELEASING = YES;
				CLANG_WARN_BOOL_CONVERSION = YES;
				CLANG_WARN_COMMA = YES;
				CLANG_WARN_CONSTANT_CONVERSION = YES;
				CLANG_WARN_DEPRECATED_OBJC_IMPLEMENTATIONS = YES;
				CLANG_WARN_DIRECT_OBJC_ISA_USAGE = YES_ERROR;
				CLANG_WARN_DOCUMENTATION_COMMENTS = YES;
				CLANG_WARN_EMPTY_BODY = YES;
				CLANG_WARN_ENUM_CONVERSION = YES;
				CLANG_WARN_INFINITE_RECURSION = YES;
				CLANG_WARN_INT_CONVERSION = YES;
				CLANG_WARN_NON_LITERAL_NULL_CONVERSION = YES;
				CLANG_WARN_OBJC_IMPLICIT_RETAIN_SELF = YES;
				CLANG_WARN_OBJC_LITERAL_CONVERSION = YES;
				CLANG_WARN_OBJC_ROOT_CLASS = YES_ERROR;
				CLANG_WARN_QUOTED_INCLUDE_IN_FRAMEWORK_HEADER = YES;
				CLANG_WARN_RANGE_LOOP_ANALYSIS = YES;
				CLANG_WARN_STRICT_PROTOTYPES = YES;
				CLANG_WARN_SUSPICIOUS_MOVE = YES;
				CLANG_WARN_UNGUARDED_AVAILABILITY = YES_AGGRESSIVE;
				CLANG_WARN_UNREACHABLE_CODE = YES;
				CLANG_WARN__DUPLICATE_METHOD_MATCH = YES;
				COPY_PHASE_STRIP = NO;
				DEBUG_INFORMATION_FORMAT = dwarf;
				ENABLE_STRICT_OBJC_MSGSEND = YES;
				ENABLE_TESTABILITY = YES;
				GCC_C_LANGUAGE_STANDARD = gnu11;
				GCC_DYNAMIC_NO_PIC = NO;
				GCC_NO_COMMON_BLOCKS = YES;
				GCC_OPTIMIZATION_LEVEL = 0;
				GCC_PREPROCESSOR_DEFINITIONS = (
					"DEBUG=1",
					"$(inherited)",
				);
				GCC_WARN_64_TO_32_BIT_CONVERSION = YES;
				GCC_WARN_ABOUT_RETURN_TYPE = YES_ERROR;
				GCC_WARN_UNDECLARED_SELECTOR = YES;
				GCC_WARN_UNINITIALIZED_AUTOS = YES_AGGRESSIVE;
				GCC_WARN_UNUSED_FUNCTION = YES;
				GCC_WARN_UNUSED_VARIABLE = YES;
				IPHONEOS_DEPLOYMENT_TARGET = 14.3;
				MTL_ENABLE_DEBUG_INFO = INCLUDE_SOURCE;
				MTL_FAST_MATH = YES;
				ONLY_ACTIVE_ARCH = YES;
				SDKROOT = iphoneos;
				SWIFT_ACTIVE_COMPILATION_CONDITIONS = DEBUG;
				SWIFT_OPTIMIZATION_LEVEL = "-Onone";
			};
			name = Debug;
		};
		82FAC807261DC2FA004BDF0F /* Release */ = {
			isa = XCBuildConfiguration;
			buildSettings = {
				ALWAYS_SEARCH_USER_PATHS = NO;
				CLANG_ANALYZER_NONNULL = YES;
				CLANG_ANALYZER_NUMBER_OBJECT_CONVERSION = YES_AGGRESSIVE;
				CLANG_CXX_LANGUAGE_STANDARD = "gnu++14";
				CLANG_CXX_LIBRARY = "libc++";
				CLANG_ENABLE_MODULES = YES;
				CLANG_ENABLE_OBJC_ARC = YES;
				CLANG_ENABLE_OBJC_WEAK = YES;
				CLANG_WARN_BLOCK_CAPTURE_AUTORELEASING = YES;
				CLANG_WARN_BOOL_CONVERSION = YES;
				CLANG_WARN_COMMA = YES;
				CLANG_WARN_CONSTANT_CONVERSION = YES;
				CLANG_WARN_DEPRECATED_OBJC_IMPLEMENTATIONS = YES;
				CLANG_WARN_DIRECT_OBJC_ISA_USAGE = YES_ERROR;
				CLANG_WARN_DOCUMENTATION_COMMENTS = YES;
				CLANG_WARN_EMPTY_BODY = YES;
				CLANG_WARN_ENUM_CONVERSION = YES;
				CLANG_WARN_INFINITE_RECURSION = YES;
				CLANG_WARN_INT_CONVERSION = YES;
				CLANG_WARN_NON_LITERAL_NULL_CONVERSION = YES;
				CLANG_WARN_OBJC_IMPLICIT_RETAIN_SELF = YES;
				CLANG_WARN_OBJC_LITERAL_CONVERSION = YES;
				CLANG_WARN_OBJC_ROOT_CLASS = YES_ERROR;
				CLANG_WARN_QUOTED_INCLUDE_IN_FRAMEWORK_HEADER = YES;
				CLANG_WARN_RANGE_LOOP_ANALYSIS = YES;
				CLANG_WARN_STRICT_PROTOTYPES = YES;
				CLANG_WARN_SUSPICIOUS_MOVE = YES;
				CLANG_WARN_UNGUARDED_AVAILABILITY = YES_AGGRESSIVE;
				CLANG_WARN_UNREACHABLE_CODE = YES;
				CLANG_WARN__DUPLICATE_METHOD_MATCH = YES;
				COPY_PHASE_STRIP = NO;
				DEBUG_INFORMATION_FORMAT = "dwarf-with-dsym";
				ENABLE_NS_ASSERTIONS = NO;
				ENABLE_STRICT_OBJC_MSGSEND = YES;
				GCC_C_LANGUAGE_STANDARD = gnu11;
				GCC_NO_COMMON_BLOCKS = YES;
				GCC_WARN_64_TO_32_BIT_CONVERSION = YES;
				GCC_WARN_ABOUT_RETURN_TYPE = YES_ERROR;
				GCC_WARN_UNDECLARED_SELECTOR = YES;
				GCC_WARN_UNINITIALIZED_AUTOS = YES_AGGRESSIVE;
				GCC_WARN_UNUSED_FUNCTION = YES;
				GCC_WARN_UNUSED_VARIABLE = YES;
				IPHONEOS_DEPLOYMENT_TARGET = 14.3;
				MTL_ENABLE_DEBUG_INFO = NO;
				MTL_FAST_MATH = YES;
				SDKROOT = iphoneos;
				SWIFT_COMPILATION_MODE = wholemodule;
				SWIFT_OPTIMIZATION_LEVEL = "-O";
				VALIDATE_PRODUCT = YES;
			};
			name = Release;
		};
		82FAC809261DC2FA004BDF0F /* Debug */ = {
			isa = XCBuildConfiguration;
			buildSettings = {
				ASSETCATALOG_COMPILER_APPICON_NAME = AppIcon;
				ASSETCATALOG_COMPILER_GLOBAL_ACCENT_COLOR_NAME = AccentColor;
				CODE_SIGN_STYLE = Automatic;
				DEVELOPMENT_TEAM = 9C9R36NYWY;
				INFOPLIST_FILE = ARKitSample/Info.plist;
				LD_RUNPATH_SEARCH_PATHS = (
					"$(inherited)",
					"@executable_path/Frameworks",
				);
				PRODUCT_BUNDLE_IDENTIFIER = com.cedricbahirwe.ARKitSample;
				PRODUCT_NAME = "$(TARGET_NAME)";
				SWIFT_VERSION = 5.0;
				TARGETED_DEVICE_FAMILY = "1,2";
			};
			name = Debug;
		};
		82FAC80A261DC2FA004BDF0F /* Release */ = {
			isa = XCBuildConfiguration;
			buildSettings = {
				ASSETCATALOG_COMPILER_APPICON_NAME = AppIcon;
				ASSETCATALOG_COMPILER_GLOBAL_ACCENT_COLOR_NAME = AccentColor;
				CODE_SIGN_STYLE = Automatic;
				DEVELOPMENT_TEAM = 9C9R36NYWY;
				INFOPLIST_FILE = ARKitSample/Info.plist;
				LD_RUNPATH_SEARCH_PATHS = (
					"$(inherited)",
					"@executable_path/Frameworks",
				);
				PRODUCT_BUNDLE_IDENTIFIER = com.cedricbahirwe.ARKitSample;
				PRODUCT_NAME = "$(TARGET_NAME)";
				SWIFT_VERSION = 5.0;
				TARGETED_DEVICE_FAMILY = "1,2";
			};
			name = Release;
		};
/* End XCBuildConfiguration section */

/* Begin XCConfigurationList section */
		82FAC7EF261DC2F7004BDF0F /* Build configuration list for PBXProject "ARKitSample" */ = {
			isa = XCConfigurationList;
			buildConfigurations = (
				82FAC806261DC2FA004BDF0F /* Debug */,
				82FAC807261DC2FA004BDF0F /* Release */,
			);
			defaultConfigurationIsVisible = 0;
			defaultConfigurationName = Release;
		};
		82FAC808261DC2FA004BDF0F /* Build configuration list for PBXNativeTarget "ARKitSample" */ = {
			isa = XCConfigurationList;
			buildConfigurations = (
				82FAC809261DC2FA004BDF0F /* Debug */,
				82FAC80A261DC2FA004BDF0F /* Release */,
			);
			defaultConfigurationIsVisible = 0;
			defaultConfigurationName = Release;
		};
/* End XCConfigurationList section */
	};
	rootObject = 82FAC7EC261DC2F7004BDF0F /* Project object */;
}
