// !$*UTF8*$!
{
	archiveVersion = 1;
	classes = {
	};
	objectVersion = 50;
	objects = {

/* Begin PBXBuildFile section */
		8211F3CD261D7A0C0004EC8E /* AppDelegate.swift in Sources */ = {isa = PBXBuildFile; fileRef = 8211F3CC261D7A0C0004EC8E /* AppDelegate.swift */; };
		8211F3CF261D7A0C0004EC8E /* SceneDelegate.swift in Sources */ = {isa = PBXBuildFile; fileRef = 8211F3CE261D7A0C0004EC8E /* SceneDelegate.swift */; };
		8211F3D1261D7A0C0004EC8E /* ViewController.swift in Sources */ = {isa = PBXBuildFile; fileRef = 8211F3D0261D7A0C0004EC8E /* ViewController.swift */; };
		8211F3D4261D7A0C0004EC8E /* Main.storyboard in Resources */ = {isa = PBXBuildFile; fileRef = 8211F3D2261D7A0C0004EC8E /* Main.storyboard */; };
		8211F3D6261D7A0D0004EC8E /* Assets.xcassets in Resources */ = {isa = PBXBuildFile; fileRef = 8211F3D5261D7A0D0004EC8E /* Assets.xcassets */; };
		8211F3D9261D7A0D0004EC8E /* LaunchScreen.storyboard in Resources */ = {isa = PBXBuildFile; fileRef = 8211F3D7261D7A0D0004EC8E /* LaunchScreen.storyboard */; };
		AD8AC23EC637E0E6B1F97E38 /* Pods_RxSwiftSample.framework in Frameworks */ = {isa = PBXBuildFile; fileRef = C6EF4ABADA11CA5F5325B081 /* Pods_RxSwiftSample.framework */; };
/* End PBXBuildFile section */

/* Begin PBXFileReference section */
		39CA92A8BA42245A5778262C /* Pods-RxSwiftSample.debug.xcconfig */ = {isa = PBXFileReference; includeInIndex = 1; lastKnownFileType = text.xcconfig; name = "Pods-RxSwiftSample.debug.xcconfig"; path = "Target Support Files/Pods-RxSwiftSample/Pods-RxSwiftSample.debug.xcconfig"; sourceTree = "<group>"; };
		3D40BFEF1132D458D75C9DB7 /* Pods-RxSwiftSample.release.xcconfig */ = {isa = PBXFileReference; includeInIndex = 1; lastKnownFileType = text.xcconfig; name = "Pods-RxSwiftSample.release.xcconfig"; path = "Target Support Files/Pods-RxSwiftSample/Pods-RxSwiftSample.release.xcconfig"; sourceTree = "<group>"; };
		8211F3C9261D7A0C0004EC8E /* RxSwiftSample.app */ = {isa = PBXFileReference; explicitFileType = wrapper.application; includeInIndex = 0; path = RxSwiftSample.app; sourceTree = BUILT_PRODUCTS_DIR; };
		8211F3CC261D7A0C0004EC8E /* AppDelegate.swift */ = {isa = PBXFileReference; lastKnownFileType = sourcecode.swift; path = AppDelegate.swift; sourceTree = "<group>"; };
		8211F3CE261D7A0C0004EC8E /* SceneDelegate.swift */ = {isa = PBXFileReference; lastKnownFileType = sourcecode.swift; path = SceneDelegate.swift; sourceTree = "<group>"; };
		8211F3D0261D7A0C0004EC8E /* ViewController.swift */ = {isa = PBXFileReference; lastKnownFileType = sourcecode.swift; path = ViewController.swift; sourceTree = "<group>"; };
		8211F3D3261D7A0C0004EC8E /* Base */ = {isa = PBXFileReference; lastKnownFileType = file.storyboard; name = Base; path = Base.lproj/Main.storyboard; sourceTree = "<group>"; };
		8211F3D5261D7A0D0004EC8E /* Assets.xcassets */ = {isa = PBXFileReference; lastKnownFileType = folder.assetcatalog; path = Assets.xcassets; sourceTree = "<group>"; };
		8211F3D8261D7A0D0004EC8E /* Base */ = {isa = PBXFileReference; lastKnownFileType = file.storyboard; name = Base; path = Base.lproj/LaunchScreen.storyboard; sourceTree = "<group>"; };
		8211F3DA261D7A0D0004EC8E /* Info.plist */ = {isa = PBXFileReference; lastKnownFileType = text.plist.xml; path = Info.plist; sourceTree = "<group>"; };
		C6EF4ABADA11CA5F5325B081 /* Pods_RxSwiftSample.framework */ = {isa = PBXFileReference; explicitFileType = wrapper.framework; includeInIndex = 0; path = Pods_RxSwiftSample.framework; sourceTree = BUILT_PRODUCTS_DIR; };
/* End PBXFileReference section */

/* Begin PBXFrameworksBuildPhase section */
		8211F3C6261D7A0C0004EC8E /* Frameworks */ = {
			isa = PBXFrameworksBuildPhase;
			buildActionMask = 2147483647;
			files = (
				AD8AC23EC637E0E6B1F97E38 /* Pods_RxSwiftSample.framework in Frameworks */,
			);
			runOnlyForDeploymentPostprocessing = 0;
		};
/* End PBXFrameworksBuildPhase section */

/* Begin PBXGroup section */
		096616BD1C2CF0A63EA768D6 /* Pods */ = {
			isa = PBXGroup;
			children = (
				39CA92A8BA42245A5778262C /* Pods-RxSwiftSample.debug.xcconfig */,
				3D40BFEF1132D458D75C9DB7 /* Pods-RxSwiftSample.release.xcconfig */,
			);
			name = Pods;
			path = Pods;
			sourceTree = "<group>";
		};
		6F62EB493F731B80D64D5850 /* Frameworks */ = {
			isa = PBXGroup;
			children = (
				C6EF4ABADA11CA5F5325B081 /* Pods_RxSwiftSample.framework */,
			);
			name = Frameworks;
			sourceTree = "<group>";
		};
		8211F3C0261D7A0C0004EC8E = {
			isa = PBXGroup;
			children = (
				8211F3CB261D7A0C0004EC8E /* RxSwiftSample */,
				8211F3CA261D7A0C0004EC8E /* Products */,
				096616BD1C2CF0A63EA768D6 /* Pods */,
				6F62EB493F731B80D64D5850 /* Frameworks */,
			);
			sourceTree = "<group>";
		};
		8211F3CA261D7A0C0004EC8E /* Products */ = {
			isa = PBXGroup;
			children = (
				8211F3C9261D7A0C0004EC8E /* RxSwiftSample.app */,
			);
			name = Products;
			sourceTree = "<group>";
		};
		8211F3CB261D7A0C0004EC8E /* RxSwiftSample */ = {
			isa = PBXGroup;
			children = (
				8211F3CC261D7A0C0004EC8E /* AppDelegate.swift */,
				8211F3CE261D7A0C0004EC8E /* SceneDelegate.swift */,
				8211F3D0261D7A0C0004EC8E /* ViewController.swift */,
				8211F3D2261D7A0C0004EC8E /* Main.storyboard */,
				8211F3D5261D7A0D0004EC8E /* Assets.xcassets */,
				8211F3D7261D7A0D0004EC8E /* LaunchScreen.storyboard */,
				8211F3DA261D7A0D0004EC8E /* Info.plist */,
			);
			path = RxSwiftSample;
			sourceTree = "<group>";
		};
/* End PBXGroup section */

/* Begin PBXNativeTarget section */
		8211F3C8261D7A0C0004EC8E /* RxSwiftSample */ = {
			isa = PBXNativeTarget;
			buildConfigurationList = 8211F3DD261D7A0D0004EC8E /* Build configuration list for PBXNativeTarget "RxSwiftSample" */;
			buildPhases = (
				66DCDAE208DFA2FD44470AC1 /* [CP] Check Pods Manifest.lock */,
				8211F3C5261D7A0C0004EC8E /* Sources */,
				8211F3C6261D7A0C0004EC8E /* Frameworks */,
				8211F3C7261D7A0C0004EC8E /* Resources */,
				11948CEDC50EC3D320E4D2AA /* [CP] Embed Pods Frameworks */,
			);
			buildRules = (
			);
			dependencies = (
			);
			name = RxSwiftSample;
			productName = RxSwiftSample;
			productReference = 8211F3C9261D7A0C0004EC8E /* RxSwiftSample.app */;
			productType = "com.apple.product-type.application";
		};
/* End PBXNativeTarget section */

/* Begin PBXProject section */
		8211F3C1261D7A0C0004EC8E /* Project object */ = {
			isa = PBXProject;
			attributes = {
				LastSwiftUpdateCheck = 1230;
				LastUpgradeCheck = 1230;
				TargetAttributes = {
					8211F3C8261D7A0C0004EC8E = {
						CreatedOnToolsVersion = 12.3;
					};
				};
			};
			buildConfigurationList = 8211F3C4261D7A0C0004EC8E /* Build configuration list for PBXProject "RxSwiftSample" */;
			compatibilityVersion = "Xcode 9.3";
			developmentRegion = en;
			hasScannedForEncodings = 0;
			knownRegions = (
				en,
				Base,
			);
			mainGroup = 8211F3C0261D7A0C0004EC8E;
			productRefGroup = 8211F3CA261D7A0C0004EC8E /* Products */;
			projectDirPath = "";
			projectRoot = "";
			targets = (
				8211F3C8261D7A0C0004EC8E /* RxSwiftSample */,
			);
		};
/* End PBXProject section */

/* Begin PBXResourcesBuildPhase section */
		8211F3C7261D7A0C0004EC8E /* Resources */ = {
			isa = PBXResourcesBuildPhase;
			buildActionMask = 2147483647;
			files = (
				8211F3D9261D7A0D0004EC8E /* LaunchScreen.storyboard in Resources */,
				8211F3D6261D7A0D0004EC8E /* Assets.xcassets in Resources */,
				8211F3D4261D7A0C0004EC8E /* Main.storyboard in Resources */,
			);
			runOnlyForDeploymentPostprocessing = 0;
		};
/* End PBXResourcesBuildPhase section */

/* Begin PBXShellScriptBuildPhase section */
		11948CEDC50EC3D320E4D2AA /* [CP] Embed Pods Frameworks */ = {
			isa = PBXShellScriptBuildPhase;
			buildActionMask = 2147483647;
			files = (
			);
			inputFileListPaths = (
				"${PODS_ROOT}/Target Support Files/Pods-RxSwiftSample/Pods-RxSwiftSample-frameworks-${CONFIGURATION}-input-files.xcfilelist",
			);
			name = "[CP] Embed Pods Frameworks";
			outputFileListPaths = (
				"${PODS_ROOT}/Target Support Files/Pods-RxSwiftSample/Pods-RxSwiftSample-frameworks-${CONFIGURATION}-output-files.xcfilelist",
			);
			runOnlyForDeploymentPostprocessing = 0;
			shellPath = /bin/sh;
			shellScript = "\"${PODS_ROOT}/Target Support Files/Pods-RxSwiftSample/Pods-RxSwiftSample-frameworks.sh\"\n";
			showEnvVarsInLog = 0;
		};
		66DCDAE208DFA2FD44470AC1 /* [CP] Check Pods Manifest.lock */ = {
			isa = PBXShellScriptBuildPhase;
			buildActionMask = 2147483647;
			files = (
			);
			inputFileListPaths = (
			);
			inputPaths = (
				"${PODS_PODFILE_DIR_PATH}/Podfile.lock",
				"${PODS_ROOT}/Manifest.lock",
			);
			name = "[CP] Check Pods Manifest.lock";
			outputFileListPaths = (
			);
			outputPaths = (
				"$(DERIVED_FILE_DIR)/Pods-RxSwiftSample-checkManifestLockResult.txt",
			);
			runOnlyForDeploymentPostprocessing = 0;
			shellPath = /bin/sh;
			shellScript = "diff \"${PODS_PODFILE_DIR_PATH}/Podfile.lock\" \"${PODS_ROOT}/Manifest.lock\" > /dev/null\nif [ $? != 0 ] ; then\n    # print error to STDERR\n    echo \"error: The sandbox is not in sync with the Podfile.lock. Run 'pod install' or update your CocoaPods installation.\" >&2\n    exit 1\nfi\n# This output is used by Xcode 'outputs' to avoid re-running this script phase.\necho \"SUCCESS\" > \"${SCRIPT_OUTPUT_FILE_0}\"\n";
			showEnvVarsInLog = 0;
		};
/* End PBXShellScriptBuildPhase section */

/* Begin PBXSourcesBuildPhase section */
		8211F3C5261D7A0C0004EC8E /* Sources */ = {
			isa = PBXSourcesBuildPhase;
			buildActionMask = 2147483647;
			files = (
				8211F3D1261D7A0C0004EC8E /* ViewController.swift in Sources */,
				8211F3CD261D7A0C0004EC8E /* AppDelegate.swift in Sources */,
				8211F3CF261D7A0C0004EC8E /* SceneDelegate.swift in Sources */,
			);
			runOnlyForDeploymentPostprocessing = 0;
		};
/* End PBXSourcesBuildPhase section */

/* Begin PBXVariantGroup section */
		8211F3D2261D7A0C0004EC8E /* Main.storyboard */ = {
			isa = PBXVariantGroup;
			children = (
				8211F3D3261D7A0C0004EC8E /* Base */,
			);
			name = Main.storyboard;
			sourceTree = "<group>";
		};
		8211F3D7261D7A0D0004EC8E /* LaunchScreen.storyboard */ = {
			isa = PBXVariantGroup;
			children = (
				8211F3D8261D7A0D0004EC8E /* Base */,
			);
			name = LaunchScreen.storyboard;
			sourceTree = "<group>";
		};
/* End PBXVariantGroup section */

/* Begin XCBuildConfiguration section */
		8211F3DB261D7A0D0004EC8E /* Debug */ = {
			isa = XCBuildConfiguration;
			buildSettings = {
				ALWAYS_SEARCH_USER_PATHS = NO;
				CLANG_ANALYZER_NONNULL = YES;
				CLANG_ANALYZER_NUMBER_OBJECT_CONVERSION = YES_AGGRESSIVE;
				CLANG_CXX_LANGUAGE_STANDARD = "gnu++14";
				CLANG_CXX_LIBRARY = "libc++";
				CLANG_ENABLE_MODULES = YES;
				CLANG_ENABLE_OBJC_ARC = YES;
				CLANG_ENABLE_OBJC_WEAK = YES;
				CLANG_WARN_BLOCK_CAPTURE_AUTORELEASING = YES;
				CLANG_WARN_BOOL_CONVERSION = YES;
				CLANG_WARN_COMMA = YES;
				CLANG_WARN_CONSTANT_CONVERSION = YES;
				CLANG_WARN_DEPRECATED_OBJC_IMPLEMENTATIONS = YES;
				CLANG_WARN_DIRECT_OBJC_ISA_USAGE = YES_ERROR;
				CLANG_WARN_DOCUMENTATION_COMMENTS = YES;
				CLANG_WARN_EMPTY_BODY = YES;
				CLANG_WARN_ENUM_CONVERSION = YES;
				CLANG_WARN_INFINITE_RECURSION = YES;
				CLANG_WARN_INT_CONVERSION = YES;
				CLANG_WARN_NON_LITERAL_NULL_CONVERSION = YES;
				CLANG_WARN_OBJC_IMPLICIT_RETAIN_SELF = YES;
				CLANG_WARN_OBJC_LITERAL_CONVERSION = YES;
				CLANG_WARN_OBJC_ROOT_CLASS = YES_ERROR;
				CLANG_WARN_QUOTED_INCLUDE_IN_FRAMEWORK_HEADER = YES;
				CLANG_WARN_RANGE_LOOP_ANALYSIS = YES;
				CLANG_WARN_STRICT_PROTOTYPES = YES;
				CLANG_WARN_SUSPICIOUS_MOVE = YES;
				CLANG_WARN_UNGUARDED_AVAILABILITY = YES_AGGRESSIVE;
				CLANG_WARN_UNREACHABLE_CODE = YES;
				CLANG_WARN__DUPLICATE_METHOD_MATCH = YES;
				COPY_PHASE_STRIP = NO;
				DEBUG_INFORMATION_FORMAT = dwarf;
				ENABLE_STRICT_OBJC_MSGSEND = YES;
				ENABLE_TESTABILITY = YES;
				GCC_C_LANGUAGE_STANDARD = gnu11;
				GCC_DYNAMIC_NO_PIC = NO;
				GCC_NO_COMMON_BLOCKS = YES;
				GCC_OPTIMIZATION_LEVEL = 0;
				GCC_PREPROCESSOR_DEFINITIONS = (
					"DEBUG=1",
					"$(inherited)",
				);
				GCC_WARN_64_TO_32_BIT_CONVERSION = YES;
				GCC_WARN_ABOUT_RETURN_TYPE = YES_ERROR;
				GCC_WARN_UNDECLARED_SELECTOR = YES;
				GCC_WARN_UNINITIALIZED_AUTOS = YES_AGGRESSIVE;
				GCC_WARN_UNUSED_FUNCTION = YES;
				GCC_WARN_UNUSED_VARIABLE = YES;
				IPHONEOS_DEPLOYMENT_TARGET = 14.3;
				MTL_ENABLE_DEBUG_INFO = INCLUDE_SOURCE;
				MTL_FAST_MATH = YES;
				ONLY_ACTIVE_ARCH = YES;
				SDKROOT = iphoneos;
				SWIFT_ACTIVE_COMPILATION_CONDITIONS = DEBUG;
				SWIFT_OPTIMIZATION_LEVEL = "-Onone";
			};
			name = Debug;
		};
		8211F3DC261D7A0D0004EC8E /* Release */ = {
			isa = XCBuildConfiguration;
			buildSettings = {
				ALWAYS_SEARCH_USER_PATHS = NO;
				CLANG_ANALYZER_NONNULL = YES;
				CLANG_ANALYZER_NUMBER_OBJECT_CONVERSION = YES_AGGRESSIVE;
				CLANG_CXX_LANGUAGE_STANDARD = "gnu++14";
				CLANG_CXX_LIBRARY = "libc++";
				CLANG_ENABLE_MODULES = YES;
				CLANG_ENABLE_OBJC_ARC = YES;
				CLANG_ENABLE_OBJC_WEAK = YES;
				CLANG_WARN_BLOCK_CAPTURE_AUTORELEASING = YES;
				CLANG_WARN_BOOL_CONVERSION = YES;
				CLANG_WARN_COMMA = YES;
				CLANG_WARN_CONSTANT_CONVERSION = YES;
				CLANG_WARN_DEPRECATED_OBJC_IMPLEMENTATIONS = YES;
				CLANG_WARN_DIRECT_OBJC_ISA_USAGE = YES_ERROR;
				CLANG_WARN_DOCUMENTATION_COMMENTS = YES;
				CLANG_WARN_EMPTY_BODY = YES;
				CLANG_WARN_ENUM_CONVERSION = YES;
				CLANG_WARN_INFINITE_RECURSION = YES;
				CLANG_WARN_INT_CONVERSION = YES;
				CLANG_WARN_NON_LITERAL_NULL_CONVERSION = YES;
				CLANG_WARN_OBJC_IMPLICIT_RETAIN_SELF = YES;
				CLANG_WARN_OBJC_LITERAL_CONVERSION = YES;
				CLANG_WARN_OBJC_ROOT_CLASS = YES_ERROR;
				CLANG_WARN_QUOTED_INCLUDE_IN_FRAMEWORK_HEADER = YES;
				CLANG_WARN_RANGE_LOOP_ANALYSIS = YES;
				CLANG_WARN_STRICT_PROTOTYPES = YES;
				CLANG_WARN_SUSPICIOUS_MOVE = YES;
				CLANG_WARN_UNGUARDED_AVAILABILITY = YES_AGGRESSIVE;
				CLANG_WARN_UNREACHABLE_CODE = YES;
				CLANG_WARN__DUPLICATE_METHOD_MATCH = YES;
				COPY_PHASE_STRIP = NO;
				DEBUG_INFORMATION_FORMAT = "dwarf-with-dsym";
				ENABLE_NS_ASSERTIONS = NO;
				ENABLE_STRICT_OBJC_MSGSEND = YES;
				GCC_C_LANGUAGE_STANDARD = gnu11;
				GCC_NO_COMMON_BLOCKS = YES;
				GCC_WARN_64_TO_32_BIT_CONVERSION = YES;
				GCC_WARN_ABOUT_RETURN_TYPE = YES_ERROR;
				GCC_WARN_UNDECLARED_SELECTOR = YES;
				GCC_WARN_UNINITIALIZED_AUTOS = YES_AGGRESSIVE;
				GCC_WARN_UNUSED_FUNCTION = YES;
				GCC_WARN_UNUSED_VARIABLE = YES;
				IPHONEOS_DEPLOYMENT_TARGET = 14.3;
				MTL_ENABLE_DEBUG_INFO = NO;
				MTL_FAST_MATH = YES;
				SDKROOT = iphoneos;
				SWIFT_COMPILATION_MODE = wholemodule;
				SWIFT_OPTIMIZATION_LEVEL = "-O";
				VALIDATE_PRODUCT = YES;
			};
			name = Release;
		};
		8211F3DE261D7A0D0004EC8E /* Debug */ = {
			isa = XCBuildConfiguration;
			baseConfigurationReference = 39CA92A8BA42245A5778262C /* Pods-RxSwiftSample.debug.xcconfig */;
			buildSettings = {
				ASSETCATALOG_COMPILER_APPICON_NAME = AppIcon;
				ASSETCATALOG_COMPILER_GLOBAL_ACCENT_COLOR_NAME = AccentColor;
				CODE_SIGN_STYLE = Automatic;
				DEVELOPMENT_TEAM = 9C9R36NYWY;
				INFOPLIST_FILE = RxSwiftSample/Info.plist;
				LD_RUNPATH_SEARCH_PATHS = (
					"$(inherited)",
					"@executable_path/Frameworks",
				);
				PRODUCT_BUNDLE_IDENTIFIER = com.cedricbahirwe.RxSwiftSample;
				PRODUCT_NAME = "$(TARGET_NAME)";
				SWIFT_VERSION = 5.0;
				TARGETED_DEVICE_FAMILY = "1,2";
			};
			name = Debug;
		};
		8211F3DF261D7A0D0004EC8E /* Release */ = {
			isa = XCBuildConfiguration;
			baseConfigurationReference = 3D40BFEF1132D458D75C9DB7 /* Pods-RxSwiftSample.release.xcconfig */;
			buildSettings = {
				ASSETCATALOG_COMPILER_APPICON_NAME = AppIcon;
				ASSETCATALOG_COMPILER_GLOBAL_ACCENT_COLOR_NAME = AccentColor;
				CODE_SIGN_STYLE = Automatic;
				DEVELOPMENT_TEAM = 9C9R36NYWY;
				INFOPLIST_FILE = RxSwiftSample/Info.plist;
				LD_RUNPATH_SEARCH_PATHS = (
					"$(inherited)",
					"@executable_path/Frameworks",
				);
				PRODUCT_BUNDLE_IDENTIFIER = com.cedricbahirwe.RxSwiftSample;
				PRODUCT_NAME = "$(TARGET_NAME)";
				SWIFT_VERSION = 5.0;
				TARGETED_DEVICE_FAMILY = "1,2";
			};
			name = Release;
		};
/* End XCBuildConfiguration section */

/* Begin XCConfigurationList section */
		8211F3C4261D7A0C0004EC8E /* Build configuration list for PBXProject "RxSwiftSample" */ = {
			isa = XCConfigurationList;
			buildConfigurations = (
				8211F3DB261D7A0D0004EC8E /* Debug */,
				8211F3DC261D7A0D0004EC8E /* Release */,
			);
			defaultConfigurationIsVisible = 0;
			defaultConfigurationName = Release;
		};
		8211F3DD261D7A0D0004EC8E /* Build configuration list for PBXNativeTarget "RxSwiftSample" */ = {
			isa = XCConfigurationList;
			buildConfigurations = (
				8211F3DE261D7A0D0004EC8E /* Debug */,
				8211F3DF261D7A0D0004EC8E /* Release */,
			);
			defaultConfigurationIsVisible = 0;
			defaultConfigurationName = Release;
		};
/* End XCConfigurationList section */
	};
	rootObject = 8211F3C1261D7A0C0004EC8E /* Project object */;
}
